
Microsoft Visual Studio Solution File, Format Version 10.00
# Visual Studio 2008
Project("{FAE04EC0-301F-11D3-BF4B-00C04F79EFBC}") = "Zhucai.LambdaParser", "Zhucai.LambdaParser\Zhucai.LambdaParser.csproj", "{8807E655-0684-4AE0-A07B-B469ADBE9BDB}"
EndProject
Project("{FAE04EC0-301F-11D3-BF4B-00C04F79EFBC}") = "Test_Zhucai.LambdaParser", "Test_Zhucai.LambdaParser\Test_Zhucai.LambdaParser.csproj", "{22888A97-12F6-4AF4-AF61-FB81E29ACE96}"
EndProject
Global
	GlobalSection(SolutionConfigurationPlatforms) = preSolution
		Debug|Any CPU = Debug|Any CPU
		Release|Any CPU = Release|Any CPU
	EndGlobalSection
	GlobalSection(ProjectConfigurationPlatforms) = postSolution
		{8807E655-0684-4AE0-A07B-B469ADBE9BDB}.Debug|Any CPU.ActiveCfg = Debug|Any CPU
		{8807E655-0684-4AE0-A07B-B469ADBE9BDB}.Debug|Any CPU.Build.0 = Debug|Any CPU
		{8807E655-0684-4AE0-A07B-B469ADBE9BDB}.Release|Any CPU.ActiveCfg = Release|Any CPU
		{8807E655-0684-4AE0-A07B-B469ADBE9BDB}.Release|Any CPU.Build.0 = Release|Any CPU
		{22888A97-12F6-4AF4-AF61-FB81E29ACE96}.Debug|Any CPU.ActiveCfg = Debug|Any CPU
		{22888A97-12F6-4AF4-AF61-FB81E29ACE96}.Debug|Any CPU.Build.0 = Debug|Any CPU
		{22888A97-12F6-4AF4-AF61-FB81E29ACE96}.Release|Any CPU.ActiveCfg = Release|Any CPU
		{22888A97-12F6-4AF4-AF61-FB81E29ACE96}.Release|Any CPU.Build.0 = Release|Any CPU
	EndGlobalSection
	GlobalSection(SolutionProperties) = preSolution
		HideSolutionNode = FALSE
	EndGlobalSection
EndGlobal
